// !$*UTF8*$!
{
	archiveVersion = 1;
	classes = {
	};
	objectVersion = 56;
	objects = {

/* Begin PBXBuildFile section */
		5C54D6EC29932AA80018111C /* InterTight-SemiBold.ttf in Resources */ = {isa = PBXBuildFile; fileRef = 5C54D6E529932AA80018111C /* InterTight-SemiBold.ttf */; };
		5C54D6ED29932AA80018111C /* InterTight-Thin.ttf in Resources */ = {isa = PBXBuildFile; fileRef = 5C54D6E629932AA80018111C /* InterTight-Thin.ttf */; };
		5C54D6EE29932AA80018111C /* InterTight-Bold.ttf in Resources */ = {isa = PBXBuildFile; fileRef = 5C54D6E729932AA80018111C /* InterTight-Bold.ttf */; };
		5C54D6EF29932AA80018111C /* InterTight-Light.ttf in Resources */ = {isa = PBXBuildFile; fileRef = 5C54D6E829932AA80018111C /* InterTight-Light.ttf */; };
		5C54D6F029932AA80018111C /* InterTight-Medium.ttf in Resources */ = {isa = PBXBuildFile; fileRef = 5C54D6E929932AA80018111C /* InterTight-Medium.ttf */; };
		5C54D6F129932AA80018111C /* InterTight-Regular.ttf in Resources */ = {isa = PBXBuildFile; fileRef = 5C54D6EA29932AA80018111C /* InterTight-Regular.ttf */; };
		5C54D6F229932AA80018111C /* InterTight-ExtraLight.ttf in Resources */ = {isa = PBXBuildFile; fileRef = 5C54D6EB29932AA80018111C /* InterTight-ExtraLight.ttf */; };
		5C54D6F6299391850018111C /* CustomizeView.swift in Sources */ = {isa = PBXBuildFile; fileRef = 5C54D6F5299391850018111C /* CustomizeView.swift */; };
		5C54D6F9299391C90018111C /* TimeControlButton.swift in Sources */ = {isa = PBXBuildFile; fileRef = 5C54D6F8299391C90018111C /* TimeControlButton.swift */; };
		5C54D6FB299391F10018111C /* GradientButtonStyle.swift in Sources */ = {isa = PBXBuildFile; fileRef = 5C54D6FA299391F10018111C /* GradientButtonStyle.swift */; };
		5C54D6FD2993920F0018111C /* ColorSchemeButton.swift in Sources */ = {isa = PBXBuildFile; fileRef = 5C54D6FC2993920F0018111C /* ColorSchemeButton.swift */; };
		5C54D6FF2993922E0018111C /* SettingsView.swift in Sources */ = {isa = PBXBuildFile; fileRef = 5C54D6FE2993922E0018111C /* SettingsView.swift */; };
		5C54D703299392750018111C /* ExpandableButtonPanel.swift in Sources */ = {isa = PBXBuildFile; fileRef = 5C54D702299392750018111C /* ExpandableButtonPanel.swift */; };
		5CC872AD297748970031428F /* ChessClockApp.swift in Sources */ = {isa = PBXBuildFile; fileRef = 5CC872AC297748970031428F /* ChessClockApp.swift */; };
		5CC872AF297748970031428F /* ContentView.swift in Sources */ = {isa = PBXBuildFile; fileRef = 5CC872AE297748970031428F /* ContentView.swift */; };
		5CC872B1297748970031428F /* Assets.xcassets in Resources */ = {isa = PBXBuildFile; fileRef = 5CC872B0297748970031428F /* Assets.xcassets */; };
		5CC872B4297748970031428F /* Preview Assets.xcassets in Resources */ = {isa = PBXBuildFile; fileRef = 5CC872B3297748970031428F /* Preview Assets.xcassets */; };
		5CC872BE297748970031428F /* ChessClockTests.swift in Sources */ = {isa = PBXBuildFile; fileRef = 5CC872BD297748970031428F /* ChessClockTests.swift */; };
		5CC872C8297748970031428F /* ChessClockUITests.swift in Sources */ = {isa = PBXBuildFile; fileRef = 5CC872C7297748970031428F /* ChessClockUITests.swift */; };
		5CC872CA297748970031428F /* ChessClockUITestsLaunchTests.swift in Sources */ = {isa = PBXBuildFile; fileRef = 5CC872C9297748970031428F /* ChessClockUITestsLaunchTests.swift */; };
		5CC872D7297753230031428F /* ClockView.swift in Sources */ = {isa = PBXBuildFile; fileRef = 5CC872D6297753230031428F /* ClockView.swift */; };
		5CC872D9297760B50031428F /* WelcomeView.swift in Sources */ = {isa = PBXBuildFile; fileRef = 5CC872D8297760B50031428F /* WelcomeView.swift */; };
		5CC872DB29777AA20031428F /* warning.m4a in Resources */ = {isa = PBXBuildFile; fileRef = 5CC872DA29777AA20031428F /* warning.m4a */; };
		5CC872DD2977A1C20031428F /* click.m4a in Resources */ = {isa = PBXBuildFile; fileRef = 5CC872DC2977A1C20031428F /* click.m4a */; };
/* End PBXBuildFile section */

/* Begin PBXContainerItemProxy section */
		5CC872BA297748970031428F /* PBXContainerItemProxy */ = {
			isa = PBXContainerItemProxy;
			containerPortal = 5CC872A1297748970031428F /* Project object */;
			proxyType = 1;
			remoteGlobalIDString = 5CC872A8297748970031428F;
			remoteInfo = ChessClock;
		};
		5CC872C4297748970031428F /* PBXContainerItemProxy */ = {
			isa = PBXContainerItemProxy;
			containerPortal = 5CC872A1297748970031428F /* Project object */;
			proxyType = 1;
			remoteGlobalIDString = 5CC872A8297748970031428F;
			remoteInfo = ChessClock;
		};
/* End PBXContainerItemProxy section */

/* Begin PBXFileReference section */
		5C54D6E1299329520018111C /* Info.plist */ = {isa = PBXFileReference; lastKnownFileType = text.plist; path = Info.plist; sourceTree = "<group>"; };
		5C54D6E529932AA80018111C /* InterTight-SemiBold.ttf */ = {isa = PBXFileReference; lastKnownFileType = file; path = "InterTight-SemiBold.ttf"; sourceTree = "<group>"; };
		5C54D6E629932AA80018111C /* InterTight-Thin.ttf */ = {isa = PBXFileReference; lastKnownFileType = file; path = "InterTight-Thin.ttf"; sourceTree = "<group>"; };
		5C54D6E729932AA80018111C /* InterTight-Bold.ttf */ = {isa = PBXFileReference; lastKnownFileType = file; path = "InterTight-Bold.ttf"; sourceTree = "<group>"; };
		5C54D6E829932AA80018111C /* InterTight-Light.ttf */ = {isa = PBXFileReference; lastKnownFileType = file; path = "InterTight-Light.ttf"; sourceTree = "<group>"; };
		5C54D6E929932AA80018111C /* InterTight-Medium.ttf */ = {isa = PBXFileReference; lastKnownFileType = file; path = "InterTight-Medium.ttf"; sourceTree = "<group>"; };
		5C54D6EA29932AA80018111C /* InterTight-Regular.ttf */ = {isa = PBXFileReference; lastKnownFileType = file; path = "InterTight-Regular.ttf"; sourceTree = "<group>"; };
		5C54D6EB29932AA80018111C /* InterTight-ExtraLight.ttf */ = {isa = PBXFileReference; lastKnownFileType = file; path = "InterTight-ExtraLight.ttf"; sourceTree = "<group>"; };
		5C54D6F5299391850018111C /* CustomizeView.swift */ = {isa = PBXFileReference; lastKnownFileType = sourcecode.swift; path = CustomizeView.swift; sourceTree = "<group>"; };
		5C54D6F8299391C90018111C /* TimeControlButton.swift */ = {isa = PBXFileReference; lastKnownFileType = sourcecode.swift; path = TimeControlButton.swift; sourceTree = "<group>"; };
		5C54D6FA299391F10018111C /* GradientButtonStyle.swift */ = {isa = PBXFileReference; lastKnownFileType = sourcecode.swift; path = GradientButtonStyle.swift; sourceTree = "<group>"; };
		5C54D6FC2993920F0018111C /* ColorSchemeButton.swift */ = {isa = PBXFileReference; lastKnownFileType = sourcecode.swift; path = ColorSchemeButton.swift; sourceTree = "<group>"; };
		5C54D6FE2993922E0018111C /* SettingsView.swift */ = {isa = PBXFileReference; lastKnownFileType = sourcecode.swift; path = SettingsView.swift; sourceTree = "<group>"; };
		5C54D702299392750018111C /* ExpandableButtonPanel.swift */ = {isa = PBXFileReference; lastKnownFileType = sourcecode.swift; path = ExpandableButtonPanel.swift; sourceTree = "<group>"; };
		5CC872A9297748970031428F /* ChessClock.app */ = {isa = PBXFileReference; explicitFileType = wrapper.application; includeInIndex = 0; path = ChessClock.app; sourceTree = BUILT_PRODUCTS_DIR; };
		5CC872AC297748970031428F /* ChessClockApp.swift */ = {isa = PBXFileReference; lastKnownFileType = sourcecode.swift; path = ChessClockApp.swift; sourceTree = "<group>"; };
		5CC872AE297748970031428F /* ContentView.swift */ = {isa = PBXFileReference; lastKnownFileType = sourcecode.swift; path = ContentView.swift; sourceTree = "<group>"; };
		5CC872B0297748970031428F /* Assets.xcassets */ = {isa = PBXFileReference; lastKnownFileType = folder.assetcatalog; path = Assets.xcassets; sourceTree = "<group>"; };
		5CC872B3297748970031428F /* Preview Assets.xcassets */ = {isa = PBXFileReference; lastKnownFileType = folder.assetcatalog; path = "Preview Assets.xcassets"; sourceTree = "<group>"; };
		5CC872B9297748970031428F /* ChessClockTests.xctest */ = {isa = PBXFileReference; explicitFileType = wrapper.cfbundle; includeInIndex = 0; path = ChessClockTests.xctest; sourceTree = BUILT_PRODUCTS_DIR; };
		5CC872BD297748970031428F /* ChessClockTests.swift */ = {isa = PBXFileReference; lastKnownFileType = sourcecode.swift; path = ChessClockTests.swift; sourceTree = "<group>"; };
		5CC872C3297748970031428F /* ChessClockUITests.xctest */ = {isa = PBXFileReference; explicitFileType = wrapper.cfbundle; includeInIndex = 0; path = ChessClockUITests.xctest; sourceTree = BUILT_PRODUCTS_DIR; };
		5CC872C7297748970031428F /* ChessClockUITests.swift */ = {isa = PBXFileReference; lastKnownFileType = sourcecode.swift; path = ChessClockUITests.swift; sourceTree = "<group>"; };
		5CC872C9297748970031428F /* ChessClockUITestsLaunchTests.swift */ = {isa = PBXFileReference; lastKnownFileType = sourcecode.swift; path = ChessClockUITestsLaunchTests.swift; sourceTree = "<group>"; };
		5CC872D6297753230031428F /* ClockView.swift */ = {isa = PBXFileReference; lastKnownFileType = sourcecode.swift; path = ClockView.swift; sourceTree = "<group>"; };
		5CC872D8297760B50031428F /* WelcomeView.swift */ = {isa = PBXFileReference; lastKnownFileType = sourcecode.swift; path = WelcomeView.swift; sourceTree = "<group>"; };
		5CC872DA29777AA20031428F /* warning.m4a */ = {isa = PBXFileReference; lastKnownFileType = file; path = warning.m4a; sourceTree = "<group>"; };
		5CC872DC2977A1C20031428F /* click.m4a */ = {isa = PBXFileReference; lastKnownFileType = file; path = click.m4a; sourceTree = "<group>"; };
/* End PBXFileReference section */

/* Begin PBXFrameworksBuildPhase section */
		5CC872A6297748970031428F /* Frameworks */ = {
			isa = PBXFrameworksBuildPhase;
			buildActionMask = 2147483647;
			files = (
			);
			runOnlyForDeploymentPostprocessing = 0;
		};
		5CC872B6297748970031428F /* Frameworks */ = {
			isa = PBXFrameworksBuildPhase;
			buildActionMask = 2147483647;
			files = (
			);
			runOnlyForDeploymentPostprocessing = 0;
		};
		5CC872C0297748970031428F /* Frameworks */ = {
			isa = PBXFrameworksBuildPhase;
			buildActionMask = 2147483647;
			files = (
			);
			runOnlyForDeploymentPostprocessing = 0;
		};
/* End PBXFrameworksBuildPhase section */

/* Begin PBXGroup section */
		5C54D6E429932AA80018111C /* Fonts */ = {
			isa = PBXGroup;
			children = (
				5C54D6E529932AA80018111C /* InterTight-SemiBold.ttf */,
				5C54D6E629932AA80018111C /* InterTight-Thin.ttf */,
				5C54D6E729932AA80018111C /* InterTight-Bold.ttf */,
				5C54D6E829932AA80018111C /* InterTight-Light.ttf */,
				5C54D6E929932AA80018111C /* InterTight-Medium.ttf */,
				5C54D6EA29932AA80018111C /* InterTight-Regular.ttf */,
				5C54D6EB29932AA80018111C /* InterTight-ExtraLight.ttf */,
			);
			name = Fonts;
			path = ../../../Fonts;
			sourceTree = "<group>";
		};
		5C54D6F3299391670018111C /* Components */ = {
			isa = PBXGroup;
			children = (
				5C54D7012993925C0018111C /* ClockScreen */,
				5C54D6F7299391BC0018111C /* Buttons */,
				5C54D6F4299391700018111C /* WelcomeScreen */,
			);
			path = Components;
			sourceTree = "<group>";
		};
		5C54D6F4299391700018111C /* WelcomeScreen */ = {
			isa = PBXGroup;
			children = (
				5C54D6F5299391850018111C /* CustomizeView.swift */,
				5C54D6FE2993922E0018111C /* SettingsView.swift */,
			);
			path = WelcomeScreen;
			sourceTree = "<group>";
		};
		5C54D6F7299391BC0018111C /* Buttons */ = {
			isa = PBXGroup;
			children = (
				5C54D6F8299391C90018111C /* TimeControlButton.swift */,
				5C54D6FA299391F10018111C /* GradientButtonStyle.swift */,
				5C54D6FC2993920F0018111C /* ColorSchemeButton.swift */,
			);
			path = Buttons;
			sourceTree = "<group>";
		};
		5C54D7012993925C0018111C /* ClockScreen */ = {
			isa = PBXGroup;
			children = (
				5C54D702299392750018111C /* ExpandableButtonPanel.swift */,
			);
			path = ClockScreen;
			sourceTree = "<group>";
		};
		5CC872A0297748970031428F = {
			isa = PBXGroup;
			children = (
				5C54D6E429932AA80018111C /* Fonts */,
				5CC872AB297748970031428F /* ChessClock */,
				5CC872BC297748970031428F /* ChessClockTests */,
				5CC872C6297748970031428F /* ChessClockUITests */,
				5CC872AA297748970031428F /* Products */,
			);
			sourceTree = "<group>";
		};
		5CC872AA297748970031428F /* Products */ = {
			isa = PBXGroup;
			children = (
				5CC872A9297748970031428F /* ChessClock.app */,
				5CC872B9297748970031428F /* ChessClockTests.xctest */,
				5CC872C3297748970031428F /* ChessClockUITests.xctest */,
			);
			name = Products;
			sourceTree = "<group>";
		};
		5CC872AB297748970031428F /* ChessClock */ = {
			isa = PBXGroup;
			children = (
				5C54D6F3299391670018111C /* Components */,
				5C54D6E1299329520018111C /* Info.plist */,
				5CC872DC2977A1C20031428F /* click.m4a */,
				5CC872DA29777AA20031428F /* warning.m4a */,
				5CC872AC297748970031428F /* ChessClockApp.swift */,
				5CC872AE297748970031428F /* ContentView.swift */,
				5CC872B0297748970031428F /* Assets.xcassets */,
				5CC872B2297748970031428F /* Preview Content */,
				5CC872D6297753230031428F /* ClockView.swift */,
				5CC872D8297760B50031428F /* WelcomeView.swift */,
			);
			path = ChessClock;
			sourceTree = "<group>";
		};
		5CC872B2297748970031428F /* Preview Content */ = {
			isa = PBXGroup;
			children = (
				5CC872B3297748970031428F /* Preview Assets.xcassets */,
			);
			path = "Preview Content";
			sourceTree = "<group>";
		};
		5CC872BC297748970031428F /* ChessClockTests */ = {
			isa = PBXGroup;
			children = (
				5CC872BD297748970031428F /* ChessClockTests.swift */,
			);
			path = ChessClockTests;
			sourceTree = "<group>";
		};
		5CC872C6297748970031428F /* ChessClockUITests */ = {
			isa = PBXGroup;
			children = (
				5CC872C7297748970031428F /* ChessClockUITests.swift */,
				5CC872C9297748970031428F /* ChessClockUITestsLaunchTests.swift */,
			);
			path = ChessClockUITests;
			sourceTree = "<group>";
		};
/* End PBXGroup section */

/* Begin PBXNativeTarget section */
		5CC872A8297748970031428F /* ChessClock */ = {
			isa = PBXNativeTarget;
			buildConfigurationList = 5CC872CD297748970031428F /* Build configuration list for PBXNativeTarget "ChessClock" */;
			buildPhases = (
				5CC872A5297748970031428F /* Sources */,
				5CC872A6297748970031428F /* Frameworks */,
				5CC872A7297748970031428F /* Resources */,
			);
			buildRules = (
			);
			dependencies = (
			);
			name = ChessClock;
			productName = ChessClock;
			productReference = 5CC872A9297748970031428F /* ChessClock.app */;
			productType = "com.apple.product-type.application";
		};
		5CC872B8297748970031428F /* ChessClockTests */ = {
			isa = PBXNativeTarget;
			buildConfigurationList = 5CC872D0297748970031428F /* Build configuration list for PBXNativeTarget "ChessClockTests" */;
			buildPhases = (
				5CC872B5297748970031428F /* Sources */,
				5CC872B6297748970031428F /* Frameworks */,
				5CC872B7297748970031428F /* Resources */,
			);
			buildRules = (
			);
			dependencies = (
				5CC872BB297748970031428F /* PBXTargetDependency */,
			);
			name = ChessClockTests;
			productName = ChessClockTests;
			productReference = 5CC872B9297748970031428F /* ChessClockTests.xctest */;
			productType = "com.apple.product-type.bundle.unit-test";
		};
		5CC872C2297748970031428F /* ChessClockUITests */ = {
			isa = PBXNativeTarget;
			buildConfigurationList = 5CC872D3297748970031428F /* Build configuration list for PBXNativeTarget "ChessClockUITests" */;
			buildPhases = (
				5CC872BF297748970031428F /* Sources */,
				5CC872C0297748970031428F /* Frameworks */,
				5CC872C1297748970031428F /* Resources */,
			);
			buildRules = (
			);
			dependencies = (
				5CC872C5297748970031428F /* PBXTargetDependency */,
			);
			name = ChessClockUITests;
			productName = ChessClockUITests;
			productReference = 5CC872C3297748970031428F /* ChessClockUITests.xctest */;
			productType = "com.apple.product-type.bundle.ui-testing";
		};
/* End PBXNativeTarget section */

/* Begin PBXProject section */
		5CC872A1297748970031428F /* Project object */ = {
			isa = PBXProject;
			attributes = {
				BuildIndependentTargetsInParallel = 1;
				LastSwiftUpdateCheck = 1420;
				LastUpgradeCheck = 1420;
				TargetAttributes = {
					5CC872A8297748970031428F = {
						CreatedOnToolsVersion = 14.2;
					};
					5CC872B8297748970031428F = {
						CreatedOnToolsVersion = 14.2;
						TestTargetID = 5CC872A8297748970031428F;
					};
					5CC872C2297748970031428F = {
						CreatedOnToolsVersion = 14.2;
						TestTargetID = 5CC872A8297748970031428F;
					};
				};
			};
			buildConfigurationList = 5CC872A4297748970031428F /* Build configuration list for PBXProject "ChessClock" */;
			compatibilityVersion = "Xcode 14.0";
			developmentRegion = en;
			hasScannedForEncodings = 0;
			knownRegions = (
				en,
				Base,
			);
			mainGroup = 5CC872A0297748970031428F;
			productRefGroup = 5CC872AA297748970031428F /* Products */;
			projectDirPath = "";
			projectRoot = "";
			targets = (
				5CC872A8297748970031428F /* ChessClock */,
				5CC872B8297748970031428F /* ChessClockTests */,
				5CC872C2297748970031428F /* ChessClockUITests */,
			);
		};
/* End PBXProject section */

/* Begin PBXResourcesBuildPhase section */
		5CC872A7297748970031428F /* Resources */ = {
			isa = PBXResourcesBuildPhase;
			buildActionMask = 2147483647;
			files = (
				5C54D6ED29932AA80018111C /* InterTight-Thin.ttf in Resources */,
				5CC872DB29777AA20031428F /* warning.m4a in Resources */,
				5CC872B4297748970031428F /* Preview Assets.xcassets in Resources */,
				5C54D6F229932AA80018111C /* InterTight-ExtraLight.ttf in Resources */,
				5C54D6EC29932AA80018111C /* InterTight-SemiBold.ttf in Resources */,
				5C54D6F029932AA80018111C /* InterTight-Medium.ttf in Resources */,
				5CC872B1297748970031428F /* Assets.xcassets in Resources */,
				5CC872DD2977A1C20031428F /* click.m4a in Resources */,
				5C54D6EE29932AA80018111C /* InterTight-Bold.ttf in Resources */,
				5C54D6EF29932AA80018111C /* InterTight-Light.ttf in Resources */,
				5C54D6F129932AA80018111C /* InterTight-Regular.ttf in Resources */,
			);
			runOnlyForDeploymentPostprocessing = 0;
		};
		5CC872B7297748970031428F /* Resources */ = {
			isa = PBXResourcesBuildPhase;
			buildActionMask = 2147483647;
			files = (
			);
			runOnlyForDeploymentPostprocessing = 0;
		};
		5CC872C1297748970031428F /* Resources */ = {
			isa = PBXResourcesBuildPhase;
			buildActionMask = 2147483647;
			files = (
			);
			runOnlyForDeploymentPostprocessing = 0;
		};
/* End PBXResourcesBuildPhase section */

/* Begin PBXSourcesBuildPhase section */
		5CC872A5297748970031428F /* Sources */ = {
			isa = PBXSourcesBuildPhase;
			buildActionMask = 2147483647;
			files = (
				5C54D6F9299391C90018111C /* TimeControlButton.swift in Sources */,
				5CC872AF297748970031428F /* ContentView.swift in Sources */,
				5C54D6FD2993920F0018111C /* ColorSchemeButton.swift in Sources */,
				5C54D6FF2993922E0018111C /* SettingsView.swift in Sources */,
				5CC872D7297753230031428F /* ClockView.swift in Sources */,
				5C54D6F6299391850018111C /* CustomizeView.swift in Sources */,
				5C54D703299392750018111C /* ExpandableButtonPanel.swift in Sources */,
				5C54D6FB299391F10018111C /* GradientButtonStyle.swift in Sources */,
				5CC872AD297748970031428F /* ChessClockApp.swift in Sources */,
				5CC872D9297760B50031428F /* WelcomeView.swift in Sources */,
			);
			runOnlyForDeploymentPostprocessing = 0;
		};
		5CC872B5297748970031428F /* Sources */ = {
			isa = PBXSourcesBuildPhase;
			buildActionMask = 2147483647;
			files = (
				5CC872BE297748970031428F /* ChessClockTests.swift in Sources */,
			);
			runOnlyForDeploymentPostprocessing = 0;
		};
		5CC872BF297748970031428F /* Sources */ = {
			isa = PBXSourcesBuildPhase;
			buildActionMask = 2147483647;
			files = (
				5CC872CA297748970031428F /* ChessClockUITestsLaunchTests.swift in Sources */,
				5CC872C8297748970031428F /* ChessClockUITests.swift in Sources */,
			);
			runOnlyForDeploymentPostprocessing = 0;
		};
/* End PBXSourcesBuildPhase section */

/* Begin PBXTargetDependency section */
		5CC872BB297748970031428F /* PBXTargetDependency */ = {
			isa = PBXTargetDependency;
			target = 5CC872A8297748970031428F /* ChessClock */;
			targetProxy = 5CC872BA297748970031428F /* PBXContainerItemProxy */;
		};
		5CC872C5297748970031428F /* PBXTargetDependency */ = {
			isa = PBXTargetDependency;
			target = 5CC872A8297748970031428F /* ChessClock */;
			targetProxy = 5CC872C4297748970031428F /* PBXContainerItemProxy */;
		};
/* End PBXTargetDependency section */

/* Begin XCBuildConfiguration section */
		5CC872CB297748970031428F /* Debug */ = {
			isa = XCBuildConfiguration;
			buildSettings = {
				ALWAYS_SEARCH_USER_PATHS = NO;
				CLANG_ANALYZER_NONNULL = YES;
				CLANG_ANALYZER_NUMBER_OBJECT_CONVERSION = YES_AGGRESSIVE;
				CLANG_CXX_LANGUAGE_STANDARD = "gnu++20";
				CLANG_ENABLE_MODULES = YES;
				CLANG_ENABLE_OBJC_ARC = YES;
				CLANG_ENABLE_OBJC_WEAK = YES;
				CLANG_WARN_BLOCK_CAPTURE_AUTORELEASING = YES;
				CLANG_WARN_BOOL_CONVERSION = YES;
				CLANG_WARN_COMMA = YES;
				CLANG_WARN_CONSTANT_CONVERSION = YES;
				CLANG_WARN_DEPRECATED_OBJC_IMPLEMENTATIONS = YES;
				CLANG_WARN_DIRECT_OBJC_ISA_USAGE = YES_ERROR;
				CLANG_WARN_DOCUMENTATION_COMMENTS = YES;
				CLANG_WARN_EMPTY_BODY = YES;
				CLANG_WARN_ENUM_CONVERSION = YES;
				CLANG_WARN_INFINITE_RECURSION = YES;
				CLANG_WARN_INT_CONVERSION = YES;
				CLANG_WARN_NON_LITERAL_NULL_CONVERSION = YES;
				CLANG_WARN_OBJC_IMPLICIT_RETAIN_SELF = YES;
				CLANG_WARN_OBJC_LITERAL_CONVERSION = YES;
				CLANG_WARN_OBJC_ROOT_CLASS = YES_ERROR;
				CLANG_WARN_QUOTED_INCLUDE_IN_FRAMEWORK_HEADER = YES;
				CLANG_WARN_RANGE_LOOP_ANALYSIS = YES;
				CLANG_WARN_STRICT_PROTOTYPES = YES;
				CLANG_WARN_SUSPICIOUS_MOVE = YES;
				CLANG_WARN_UNGUARDED_AVAILABILITY = YES_AGGRESSIVE;
				CLANG_WARN_UNREACHABLE_CODE = YES;
				CLANG_WARN__DUPLICATE_METHOD_MATCH = YES;
				COPY_PHASE_STRIP = NO;
				DEBUG_INFORMATION_FORMAT = dwarf;
				ENABLE_STRICT_OBJC_MSGSEND = YES;
				ENABLE_TESTABILITY = YES;
				GCC_C_LANGUAGE_STANDARD = gnu11;
				GCC_DYNAMIC_NO_PIC = NO;
				GCC_NO_COMMON_BLOCKS = YES;
				GCC_OPTIMIZATION_LEVEL = 0;
				GCC_PREPROCESSOR_DEFINITIONS = (
					"DEBUG=1",
					"$(inherited)",
				);
				GCC_WARN_64_TO_32_BIT_CONVERSION = YES;
				GCC_WARN_ABOUT_RETURN_TYPE = YES_ERROR;
				GCC_WARN_UNDECLARED_SELECTOR = YES;
				GCC_WARN_UNINITIALIZED_AUTOS = YES_AGGRESSIVE;
				GCC_WARN_UNUSED_FUNCTION = YES;
				GCC_WARN_UNUSED_VARIABLE = YES;
				IPHONEOS_DEPLOYMENT_TARGET = 16.2;
				MTL_ENABLE_DEBUG_INFO = INCLUDE_SOURCE;
				MTL_FAST_MATH = YES;
				ONLY_ACTIVE_ARCH = YES;
				SDKROOT = iphoneos;
				SWIFT_ACTIVE_COMPILATION_CONDITIONS = DEBUG;
				SWIFT_OPTIMIZATION_LEVEL = "-Onone";
			};
			name = Debug;
		};
		5CC872CC297748970031428F /* Release */ = {
			isa = XCBuildConfiguration;
			buildSettings = {
				ALWAYS_SEARCH_USER_PATHS = NO;
				CLANG_ANALYZER_NONNULL = YES;
				CLANG_ANALYZER_NUMBER_OBJECT_CONVERSION = YES_AGGRESSIVE;
				CLANG_CXX_LANGUAGE_STANDARD = "gnu++20";
				CLANG_ENABLE_MODULES = YES;
				CLANG_ENABLE_OBJC_ARC = YES;
				CLANG_ENABLE_OBJC_WEAK = YES;
				CLANG_WARN_BLOCK_CAPTURE_AUTORELEASING = YES;
				CLANG_WARN_BOOL_CONVERSION = YES;
				CLANG_WARN_COMMA = YES;
				CLANG_WARN_CONSTANT_CONVERSION = YES;
				CLANG_WARN_DEPRECATED_OBJC_IMPLEMENTATIONS = YES;
				CLANG_WARN_DIRECT_OBJC_ISA_USAGE = YES_ERROR;
				CLANG_WARN_DOCUMENTATION_COMMENTS = YES;
				CLANG_WARN_EMPTY_BODY = YES;
				CLANG_WARN_ENUM_CONVERSION = YES;
				CLANG_WARN_INFINITE_RECURSION = YES;
				CLANG_WARN_INT_CONVERSION = YES;
				CLANG_WARN_NON_LITERAL_NULL_CONVERSION = YES;
				CLANG_WARN_OBJC_IMPLICIT_RETAIN_SELF = YES;
				CLANG_WARN_OBJC_LITERAL_CONVERSION = YES;
				CLANG_WARN_OBJC_ROOT_CLASS = YES_ERROR;
				CLANG_WARN_QUOTED_INCLUDE_IN_FRAMEWORK_HEADER = YES;
				CLANG_WARN_RANGE_LOOP_ANALYSIS = YES;
				CLANG_WARN_STRICT_PROTOTYPES = YES;
				CLANG_WARN_SUSPICIOUS_MOVE = YES;
				CLANG_WARN_UNGUARDED_AVAILABILITY = YES_AGGRESSIVE;
				CLANG_WARN_UNREACHABLE_CODE = YES;
				CLANG_WARN__DUPLICATE_METHOD_MATCH = YES;
				COPY_PHASE_STRIP = NO;
				DEBUG_INFORMATION_FORMAT = "dwarf-with-dsym";
				ENABLE_NS_ASSERTIONS = NO;
				ENABLE_STRICT_OBJC_MSGSEND = YES;
				GCC_C_LANGUAGE_STANDARD = gnu11;
				GCC_NO_COMMON_BLOCKS = YES;
				GCC_WARN_64_TO_32_BIT_CONVERSION = YES;
				GCC_WARN_ABOUT_RETURN_TYPE = YES_ERROR;
				GCC_WARN_UNDECLARED_SELECTOR = YES;
				GCC_WARN_UNINITIALIZED_AUTOS = YES_AGGRESSIVE;
				GCC_WARN_UNUSED_FUNCTION = YES;
				GCC_WARN_UNUSED_VARIABLE = YES;
				IPHONEOS_DEPLOYMENT_TARGET = 16.2;
				MTL_ENABLE_DEBUG_INFO = NO;
				MTL_FAST_MATH = YES;
				SDKROOT = iphoneos;
				SWIFT_COMPILATION_MODE = wholemodule;
				SWIFT_OPTIMIZATION_LEVEL = "-O";
				VALIDATE_PRODUCT = YES;
			};
			name = Release;
		};
		5CC872CE297748970031428F /* Debug */ = {
			isa = XCBuildConfiguration;
			buildSettings = {
				ASSETCATALOG_COMPILER_APPICON_NAME = AppIcon;
				ASSETCATALOG_COMPILER_GLOBAL_ACCENT_COLOR_NAME = AccentColor;
				ASSETCATALOG_COMPILER_INCLUDE_ALL_APPICON_ASSETS = NO;
				CODE_SIGN_STYLE = Automatic;
				CURRENT_PROJECT_VERSION = 1;
				DEVELOPMENT_ASSET_PATHS = "\"ChessClock/Preview Content\"";
				DEVELOPMENT_TEAM = 67G47TCZWY;
				ENABLE_PREVIEWS = YES;
				GENERATE_INFOPLIST_FILE = YES;
				INFOPLIST_FILE = ChessClock/Info.plist;
				INFOPLIST_KEY_CFBundleDisplayName = ChessClock;
				INFOPLIST_KEY_LSApplicationCategoryType = "public.app-category.board-games";
				INFOPLIST_KEY_UIApplicationSceneManifest_Generation = YES;
				INFOPLIST_KEY_UIApplicationSupportsIndirectInputEvents = YES;
				INFOPLIST_KEY_UILaunchScreen_Generation = YES;
				INFOPLIST_KEY_UISupportedInterfaceOrientations_iPad = "UIInterfaceOrientationPortrait UIInterfaceOrientationPortraitUpsideDown UIInterfaceOrientationLandscapeLeft UIInterfaceOrientationLandscapeRight";
				INFOPLIST_KEY_UISupportedInterfaceOrientations_iPhone = "UIInterfaceOrientationPortrait UIInterfaceOrientationLandscapeLeft UIInterfaceOrientationLandscapeRight";
				IPHONEOS_DEPLOYMENT_TARGET = 16.0;
				LD_RUNPATH_SEARCH_PATHS = (
					"$(inherited)",
					"@executable_path/Frameworks",
				);
				MARKETING_VERSION = 1.0;
				PRODUCT_BUNDLE_IDENTIFIER = com.silasnevstad.ChessClock;
				PRODUCT_NAME = "$(TARGET_NAME)";
				SUPPORTED_PLATFORMS = "iphoneos iphonesimulator";
				SUPPORTS_MACCATALYST = NO;
				SUPPORTS_MAC_DESIGNED_FOR_IPHONE_IPAD = NO;
				SWIFT_EMIT_LOC_STRINGS = YES;
				SWIFT_VERSION = 5.0;
				TARGETED_DEVICE_FAMILY = 1;
			};
			name = Debug;
		};
		5CC872CF297748970031428F /* Release */ = {
			isa = XCBuildConfiguration;
			buildSettings = {
				ASSETCATALOG_COMPILER_APPICON_NAME = AppIcon;
				ASSETCATALOG_COMPILER_GLOBAL_ACCENT_COLOR_NAME = AccentColor;
				ASSETCATALOG_COMPILER_INCLUDE_ALL_APPICON_ASSETS = NO;
				CODE_SIGN_STYLE = Automatic;
				CURRENT_PROJECT_VERSION = 1;
				DEVELOPMENT_ASSET_PATHS = "\"ChessClock/Preview Content\"";
				DEVELOPMENT_TEAM = 67G47TCZWY;
				ENABLE_PREVIEWS = YES;
				GENERATE_INFOPLIST_FILE = YES;
				INFOPLIST_FILE = ChessClock/Info.plist;
				INFOPLIST_KEY_CFBundleDisplayName = ChessClock;
				INFOPLIST_KEY_LSApplicationCategoryType = "public.app-category.board-games";
				INFOPLIST_KEY_UIApplicationSceneManifest_Generation = YES;
				INFOPLIST_KEY_UIApplicationSupportsIndirectInputEvents = YES;
				INFOPLIST_KEY_UILaunchScreen_Generation = YES;
				INFOPLIST_KEY_UISupportedInterfaceOrientations_iPad = "UIInterfaceOrientationPortrait UIInterfaceOrientationPortraitUpsideDown UIInterfaceOrientationLandscapeLeft UIInterfaceOrientationLandscapeRight";
				INFOPLIST_KEY_UISupportedInterfaceOrientations_iPhone = "UIInterfaceOrientationPortrait UIInterfaceOrientationLandscapeLeft UIInterfaceOrientationLandscapeRight";
				IPHONEOS_DEPLOYMENT_TARGET = 16.0;
				LD_RUNPATH_SEARCH_PATHS = (
					"$(inherited)",
					"@executable_path/Frameworks",
				);
				MARKETING_VERSION = 1.0;
				PRODUCT_BUNDLE_IDENTIFIER = com.silasnevstad.ChessClock;
				PRODUCT_NAME = "$(TARGET_NAME)";
				SUPPORTED_PLATFORMS = "iphoneos iphonesimulator";
				SUPPORTS_MACCATALYST = NO;
				SUPPORTS_MAC_DESIGNED_FOR_IPHONE_IPAD = NO;
				SWIFT_EMIT_LOC_STRINGS = YES;
				SWIFT_VERSION = 5.0;
				TARGETED_DEVICE_FAMILY = 1;
			};
			name = Release;
		};
		5CC872D1297748970031428F /* Debug */ = {
			isa = XCBuildConfiguration;
			buildSettings = {
				ALWAYS_EMBED_SWIFT_STANDARD_LIBRARIES = YES;
				BUNDLE_LOADER = "$(TEST_HOST)";
				CODE_SIGN_STYLE = Automatic;
				CURRENT_PROJECT_VERSION = 1;
				DEVELOPMENT_TEAM = 67G47TCZWY;
				GENERATE_INFOPLIST_FILE = YES;
				IPHONEOS_DEPLOYMENT_TARGET = 16.2;
				MARKETING_VERSION = 1.0;
				PRODUCT_BUNDLE_IDENTIFIER = com.silasnevstad.ChessClockTests;
				PRODUCT_NAME = "$(TARGET_NAME)";
				SWIFT_EMIT_LOC_STRINGS = NO;
				SWIFT_VERSION = 5.0;
				TARGETED_DEVICE_FAMILY = "1,2";
				TEST_HOST = "$(BUILT_PRODUCTS_DIR)/ChessClock.app/$(BUNDLE_EXECUTABLE_FOLDER_PATH)/ChessClock";
			};
			name = Debug;
		};
		5CC872D2297748970031428F /* Release */ = {
			isa = XCBuildConfiguration;
			buildSettings = {
				ALWAYS_EMBED_SWIFT_STANDARD_LIBRARIES = YES;
				BUNDLE_LOADER = "$(TEST_HOST)";
				CODE_SIGN_STYLE = Automatic;
				CURRENT_PROJECT_VERSION = 1;
				DEVELOPMENT_TEAM = 67G47TCZWY;
				GENERATE_INFOPLIST_FILE = YES;
				IPHONEOS_DEPLOYMENT_TARGET = 16.2;
				MARKETING_VERSION = 1.0;
				PRODUCT_BUNDLE_IDENTIFIER = com.silasnevstad.ChessClockTests;
				PRODUCT_NAME = "$(TARGET_NAME)";
				SWIFT_EMIT_LOC_STRINGS = NO;
				SWIFT_VERSION = 5.0;
				TARGETED_DEVICE_FAMILY = "1,2";
				TEST_HOST = "$(BUILT_PRODUCTS_DIR)/ChessClock.app/$(BUNDLE_EXECUTABLE_FOLDER_PATH)/ChessClock";
			};
			name = Release;
		};
		5CC872D4297748970031428F /* Debug */ = {
			isa = XCBuildConfiguration;
			buildSettings = {
				ALWAYS_EMBED_SWIFT_STANDARD_LIBRARIES = YES;
				CODE_SIGN_STYLE = Automatic;
				CURRENT_PROJECT_VERSION = 1;
				DEVELOPMENT_TEAM = 67G47TCZWY;
				GENERATE_INFOPLIST_FILE = YES;
				MARKETING_VERSION = 1.0;
				PRODUCT_BUNDLE_IDENTIFIER = com.silasnevstad.ChessClockUITests;
				PRODUCT_NAME = "$(TARGET_NAME)";
				SWIFT_EMIT_LOC_STRINGS = NO;
				SWIFT_VERSION = 5.0;
				TARGETED_DEVICE_FAMILY = "1,2";
				TEST_TARGET_NAME = ChessClock;
			};
			name = Debug;
		};
		5CC872D5297748970031428F /* Release */ = {
			isa = XCBuildConfiguration;
			buildSettings = {
				ALWAYS_EMBED_SWIFT_STANDARD_LIBRARIES = YES;
				CODE_SIGN_STYLE = Automatic;
				CURRENT_PROJECT_VERSION = 1;
				DEVELOPMENT_TEAM = 67G47TCZWY;
				GENERATE_INFOPLIST_FILE = YES;
				MARKETING_VERSION = 1.0;
				PRODUCT_BUNDLE_IDENTIFIER = com.silasnevstad.ChessClockUITests;
				PRODUCT_NAME = "$(TARGET_NAME)";
				SWIFT_EMIT_LOC_STRINGS = NO;
				SWIFT_VERSION = 5.0;
				TARGETED_DEVICE_FAMILY = "1,2";
				TEST_TARGET_NAME = ChessClock;
			};
			name = Release;
		};
/* End XCBuildConfiguration section */

/* Begin XCConfigurationList section */
		5CC872A4297748970031428F /* Build configuration list for PBXProject "ChessClock" */ = {
			isa = XCConfigurationList;
			buildConfigurations = (
				5CC872CB297748970031428F /* Debug */,
				5CC872CC297748970031428F /* Release */,
			);
			defaultConfigurationIsVisible = 0;
			defaultConfigurationName = Release;
		};
		5CC872CD297748970031428F /* Build configuration list for PBXNativeTarget "ChessClock" */ = {
			isa = XCConfigurationList;
			buildConfigurations = (
				5CC872CE297748970031428F /* Debug */,
				5CC872CF297748970031428F /* Release */,
			);
			defaultConfigurationIsVisible = 0;
			defaultConfigurationName = Release;
		};
		5CC872D0297748970031428F /* Build configuration list for PBXNativeTarget "ChessClockTests" */ = {
			isa = XCConfigurationList;
			buildConfigurations = (
				5CC872D1297748970031428F /* Debug */,
				5CC872D2297748970031428F /* Release */,
			);
			defaultConfigurationIsVisible = 0;
			defaultConfigurationName = Release;
		};
		5CC872D3297748970031428F /* Build configuration list for PBXNativeTarget "ChessClockUITests" */ = {
			isa = XCConfigurationList;
			buildConfigurations = (
				5CC872D4297748970031428F /* Debug */,
				5CC872D5297748970031428F /* Release */,
			);
			defaultConfigurationIsVisible = 0;
			defaultConfigurationName = Release;
		};
/* End XCConfigurationList section */
	};
	rootObject = 5CC872A1297748970031428F /* Project object */;
}
